
Microsoft Visual Studio Solution File, Format Version 12.00
# Visual Studio Version 16
VisualStudioVersion = 16.0.31229.75
MinimumVisualStudioVersion = 10.0.40219.1
Project("{9A19103F-16F7-4668-BE54-9A1E7A4F7556}") = "Singleton", "Singleton\Singleton.csproj", "{5AA93176-9A2B-4A75-A932-741F63C98A0A}"
EndProject
Project("{9A19103F-16F7-4668-BE54-9A1E7A4F7556}") = "Builder", "Builder\Builder.csproj", "{29727576-D4CA-4D5B-AA26-DC297A748211}"
EndProject
Project("{9A19103F-16F7-4668-BE54-9A1E7A4F7556}") = "Prototype", "Prototype\Prototype.csproj", "{387FEFF0-088B-4E71-A2E8-CD1C5BFFD35C}"
EndProject
Project("{9A19103F-16F7-4668-BE54-9A1E7A4F7556}") = "FactoryMethod", "FactoryMethod\FactoryMethod.csproj", "{FD4B8711-DCD8-4615-92B5-E5D5F9F85801}"
EndProject
Project("{9A19103F-16F7-4668-BE54-9A1E7A4F7556}") = "AbstractFactory", "AbstractFactory\AbstractFactory.csproj", "{72CDB8F4-6F2F-426B-93CF-797E944C536D}"
EndProject
Project("{9A19103F-16F7-4668-BE54-9A1E7A4F7556}") = "Adapter", "Adapter\Adapter.csproj", "{2E16772D-6056-49F7-B2DB-F86BF9E6BD74}"
EndProject
Project("{FAE04EC0-301F-11D3-BF4B-00C04F79EFBC}") = "Proxy", "Proxy\Proxy.csproj", "{D7B3DBC6-B9D0-440C-AFDA-1192B19E825E}"
EndProject
Global
	GlobalSection(SolutionConfigurationPlatforms) = preSolution
		Debug|Any CPU = Debug|Any CPU
		Release|Any CPU = Release|Any CPU
	EndGlobalSection
	GlobalSection(ProjectConfigurationPlatforms) = postSolution
		{5AA93176-9A2B-4A75-A932-741F63C98A0A}.Debug|Any CPU.ActiveCfg = Debug|Any CPU
		{5AA93176-9A2B-4A75-A932-741F63C98A0A}.Debug|Any CPU.Build.0 = Debug|Any CPU
		{5AA93176-9A2B-4A75-A932-741F63C98A0A}.Release|Any CPU.ActiveCfg = Release|Any CPU
		{5AA93176-9A2B-4A75-A932-741F63C98A0A}.Release|Any CPU.Build.0 = Release|Any CPU
		{29727576-D4CA-4D5B-AA26-DC297A748211}.Debug|Any CPU.ActiveCfg = Debug|Any CPU
		{29727576-D4CA-4D5B-AA26-DC297A748211}.Debug|Any CPU.Build.0 = Debug|Any CPU
		{29727576-D4CA-4D5B-AA26-DC297A748211}.Release|Any CPU.ActiveCfg = Release|Any CPU
		{29727576-D4CA-4D5B-AA26-DC297A748211}.Release|Any CPU.Build.0 = Release|Any CPU
		{387FEFF0-088B-4E71-A2E8-CD1C5BFFD35C}.Debug|Any CPU.ActiveCfg = Debug|Any CPU
		{387FEFF0-088B-4E71-A2E8-CD1C5BFFD35C}.Debug|Any CPU.Build.0 = Debug|Any CPU
		{387FEFF0-088B-4E71-A2E8-CD1C5BFFD35C}.Release|Any CPU.ActiveCfg = Release|Any CPU
		{387FEFF0-088B-4E71-A2E8-CD1C5BFFD35C}.Release|Any CPU.Build.0 = Release|Any CPU
		{FD4B8711-DCD8-4615-92B5-E5D5F9F85801}.Debug|Any CPU.ActiveCfg = Debug|Any CPU
		{FD4B8711-DCD8-4615-92B5-E5D5F9F85801}.Debug|Any CPU.Build.0 = Debug|Any CPU
		{FD4B8711-DCD8-4615-92B5-E5D5F9F85801}.Release|Any CPU.ActiveCfg = Release|Any CPU
		{FD4B8711-DCD8-4615-92B5-E5D5F9F85801}.Release|Any CPU.Build.0 = Release|Any CPU
		{72CDB8F4-6F2F-426B-93CF-797E944C536D}.Debug|Any CPU.ActiveCfg = Debug|Any CPU
		{72CDB8F4-6F2F-426B-93CF-797E944C536D}.Debug|Any CPU.Build.0 = Debug|Any CPU
		{72CDB8F4-6F2F-426B-93CF-797E944C536D}.Release|Any CPU.ActiveCfg = Release|Any CPU
		{72CDB8F4-6F2F-426B-93CF-797E944C536D}.Release|Any CPU.Build.0 = Release|Any CPU
		{2E16772D-6056-49F7-B2DB-F86BF9E6BD74}.Debug|Any CPU.ActiveCfg = Debug|Any CPU
		{2E16772D-6056-49F7-B2DB-F86BF9E6BD74}.Debug|Any CPU.Build.0 = Debug|Any CPU
		{2E16772D-6056-49F7-B2DB-F86BF9E6BD74}.Release|Any CPU.ActiveCfg = Release|Any CPU
		{2E16772D-6056-49F7-B2DB-F86BF9E6BD74}.Release|Any CPU.Build.0 = Release|Any CPU
		{D7B3DBC6-B9D0-440C-AFDA-1192B19E825E}.Debug|Any CPU.ActiveCfg = Debug|Any CPU
		{D7B3DBC6-B9D0-440C-AFDA-1192B19E825E}.Debug|Any CPU.Build.0 = Debug|Any CPU
		{D7B3DBC6-B9D0-440C-AFDA-1192B19E825E}.Release|Any CPU.ActiveCfg = Release|Any CPU
		{D7B3DBC6-B9D0-440C-AFDA-1192B19E825E}.Release|Any CPU.Build.0 = Release|Any CPU
	EndGlobalSection
	GlobalSection(SolutionProperties) = preSolution
		HideSolutionNode = FALSE
	EndGlobalSection
	GlobalSection(ExtensibilityGlobals) = postSolution
		SolutionGuid = {1E106BF6-1B6E-4E39-B313-CD7C4E5CA5DD}
	EndGlobalSection
EndGlobal
