
Microsoft Visual Studio Solution File, Format Version 12.00
# Visual Studio Version 16
VisualStudioVersion = 16.0.31229.75
MinimumVisualStudioVersion = 10.0.40219.1
Project("{9A19103F-16F7-4668-BE54-9A1E7A4F7556}") = "Singleton", "Singleton\Singleton.csproj", "{5AA93176-9A2B-4A75-A932-741F63C98A0A}"
EndProject
Project("{9A19103F-16F7-4668-BE54-9A1E7A4F7556}") = "Builder", "Builder\Builder.csproj", "{29727576-D4CA-4D5B-AA26-DC297A748211}"
EndProject
Project("{9A19103F-16F7-4668-BE54-9A1E7A4F7556}") = "Prototype", "Prototype\Prototype.csproj", "{387FEFF0-088B-4E71-A2E8-CD1C5BFFD35C}"
EndProject
Project("{9A19103F-16F7-4668-BE54-9A1E7A4F7556}") = "FactoryMethod", "FactoryMethod\FactoryMethod.csproj", "{FD4B8711-DCD8-4615-92B5-E5D5F9F85801}"
EndProject
Project("{9A19103F-16F7-4668-BE54-9A1E7A4F7556}") = "AbstractFactory", "AbstractFactory\AbstractFactory.csproj", "{72CDB8F4-6F2F-426B-93CF-797E944C536D}"
EndProject
Project("{9A19103F-16F7-4668-BE54-9A1E7A4F7556}") = "Adapter", "Adapter\Adapter.csproj", "{2E16772D-6056-49F7-B2DB-F86BF9E6BD74}"
EndProject
Project("{9A19103F-16F7-4668-BE54-9A1E7A4F7556}") = "Proxy", "Proxy\Proxy.csproj", "{D7B3DBC6-B9D0-440C-AFDA-1192B19E825E}"
EndProject
Project("{9A19103F-16F7-4668-BE54-9A1E7A4F7556}") = "Flyweight", "Flyweight\Flyweight.csproj", "{DE4F5706-266F-4FE4-AF8A-F135A39B7511}"
EndProject
Project("{9A19103F-16F7-4668-BE54-9A1E7A4F7556}") = "Facade", "Facade\Facade.csproj", "{F6D88273-F6F3-4CE1-987F-E109E1F449D3}"
EndProject
Project("{9A19103F-16F7-4668-BE54-9A1E7A4F7556}") = "Decorator", "Decorator\Decorator.csproj", "{84824F94-27D9-47D2-9776-02C7A39DA21B}"
EndProject
Project("{9A19103F-16F7-4668-BE54-9A1E7A4F7556}") = "Bridge", "Bridge\Bridge.csproj", "{AA795B4E-FBBF-4D20-B830-FEE3C0BD203B}"
EndProject
Project("{9A19103F-16F7-4668-BE54-9A1E7A4F7556}") = "Composite", "Composite\Composite.csproj", "{688D0813-30E0-4152-8405-9EA2C2C76B78}"
EndProject
Project("{9A19103F-16F7-4668-BE54-9A1E7A4F7556}") = "TemplateMethod", "TemplateMethod\TemplateMethod.csproj", "{4A4688B7-646E-446F-BF3A-6D5DAE7DEAD0}"
EndProject
Project("{9A19103F-16F7-4668-BE54-9A1E7A4F7556}") = "Memento", "Memento\Memento.csproj", "{CAB4A771-C4FB-460A-9EE9-5B227691F446}"
EndProject
Project("{9A19103F-16F7-4668-BE54-9A1E7A4F7556}") = "Interpreter", "Interpreter\Interpreter.csproj", "{3B4A79A6-0F40-47A1-BB6A-04B0DD6482E2}"
EndProject
Project("{9A19103F-16F7-4668-BE54-9A1E7A4F7556}") = "ChainOfResponsibility", "ChainOfResponsibility\ChainOfResponsibility.csproj", "{B76CBF9C-24C2-4C5E-A6B2-157A56E54562}"
EndProject
Project("{9A19103F-16F7-4668-BE54-9A1E7A4F7556}") = "State", "State\State.csproj", "{CF061104-1A56-464C-B7DC-C81D006BFFC2}"
EndProject
Project("{9A19103F-16F7-4668-BE54-9A1E7A4F7556}") = "Visitor", "Visitor\Visitor.csproj", "{7E7C2CC3-E60B-472B-B831-C499B6EEF427}"
EndProject
Project("{9A19103F-16F7-4668-BE54-9A1E7A4F7556}") = "Strategy", "Strategy\Strategy.csproj", "{B8A6C93E-C7F5-4FD6-8433-A104D040C832}"
EndProject
Project("{9A19103F-16F7-4668-BE54-9A1E7A4F7556}") = "Iterator", "Iterator\Iterator.csproj", "{2FEEFE97-D3C6-47D2-849D-47464C911793}"
EndProject
Project("{9A19103F-16F7-4668-BE54-9A1E7A4F7556}") = "Mediator", "Mediator\Mediator.csproj", "{1DC21806-6FAE-40C0-9F58-B744541FABF1}"
EndProject
Project("{FAE04EC0-301F-11D3-BF4B-00C04F79EFBC}") = "Command", "Command\Command.csproj", "{9C87D349-76BE-4775-A92A-03BEBCD8D18D}"
EndProject
Global
	GlobalSection(SolutionConfigurationPlatforms) = preSolution
		Debug|Any CPU = Debug|Any CPU
		Release|Any CPU = Release|Any CPU
	EndGlobalSection
	GlobalSection(ProjectConfigurationPlatforms) = postSolution
		{5AA93176-9A2B-4A75-A932-741F63C98A0A}.Debug|Any CPU.ActiveCfg = Debug|Any CPU
		{5AA93176-9A2B-4A75-A932-741F63C98A0A}.Debug|Any CPU.Build.0 = Debug|Any CPU
		{5AA93176-9A2B-4A75-A932-741F63C98A0A}.Release|Any CPU.ActiveCfg = Release|Any CPU
		{5AA93176-9A2B-4A75-A932-741F63C98A0A}.Release|Any CPU.Build.0 = Release|Any CPU
		{29727576-D4CA-4D5B-AA26-DC297A748211}.Debug|Any CPU.ActiveCfg = Debug|Any CPU
		{29727576-D4CA-4D5B-AA26-DC297A748211}.Debug|Any CPU.Build.0 = Debug|Any CPU
		{29727576-D4CA-4D5B-AA26-DC297A748211}.Release|Any CPU.ActiveCfg = Release|Any CPU
		{29727576-D4CA-4D5B-AA26-DC297A748211}.Release|Any CPU.Build.0 = Release|Any CPU
		{387FEFF0-088B-4E71-A2E8-CD1C5BFFD35C}.Debug|Any CPU.ActiveCfg = Debug|Any CPU
		{387FEFF0-088B-4E71-A2E8-CD1C5BFFD35C}.Debug|Any CPU.Build.0 = Debug|Any CPU
		{387FEFF0-088B-4E71-A2E8-CD1C5BFFD35C}.Release|Any CPU.ActiveCfg = Release|Any CPU
		{387FEFF0-088B-4E71-A2E8-CD1C5BFFD35C}.Release|Any CPU.Build.0 = Release|Any CPU
		{FD4B8711-DCD8-4615-92B5-E5D5F9F85801}.Debug|Any CPU.ActiveCfg = Debug|Any CPU
		{FD4B8711-DCD8-4615-92B5-E5D5F9F85801}.Debug|Any CPU.Build.0 = Debug|Any CPU
		{FD4B8711-DCD8-4615-92B5-E5D5F9F85801}.Release|Any CPU.ActiveCfg = Release|Any CPU
		{FD4B8711-DCD8-4615-92B5-E5D5F9F85801}.Release|Any CPU.Build.0 = Release|Any CPU
		{72CDB8F4-6F2F-426B-93CF-797E944C536D}.Debug|Any CPU.ActiveCfg = Debug|Any CPU
		{72CDB8F4-6F2F-426B-93CF-797E944C536D}.Debug|Any CPU.Build.0 = Debug|Any CPU
		{72CDB8F4-6F2F-426B-93CF-797E944C536D}.Release|Any CPU.ActiveCfg = Release|Any CPU
		{72CDB8F4-6F2F-426B-93CF-797E944C536D}.Release|Any CPU.Build.0 = Release|Any CPU
		{2E16772D-6056-49F7-B2DB-F86BF9E6BD74}.Debug|Any CPU.ActiveCfg = Debug|Any CPU
		{2E16772D-6056-49F7-B2DB-F86BF9E6BD74}.Debug|Any CPU.Build.0 = Debug|Any CPU
		{2E16772D-6056-49F7-B2DB-F86BF9E6BD74}.Release|Any CPU.ActiveCfg = Release|Any CPU
		{2E16772D-6056-49F7-B2DB-F86BF9E6BD74}.Release|Any CPU.Build.0 = Release|Any CPU
		{D7B3DBC6-B9D0-440C-AFDA-1192B19E825E}.Debug|Any CPU.ActiveCfg = Debug|Any CPU
		{D7B3DBC6-B9D0-440C-AFDA-1192B19E825E}.Debug|Any CPU.Build.0 = Debug|Any CPU
		{D7B3DBC6-B9D0-440C-AFDA-1192B19E825E}.Release|Any CPU.ActiveCfg = Release|Any CPU
		{D7B3DBC6-B9D0-440C-AFDA-1192B19E825E}.Release|Any CPU.Build.0 = Release|Any CPU
		{DE4F5706-266F-4FE4-AF8A-F135A39B7511}.Debug|Any CPU.ActiveCfg = Debug|Any CPU
		{DE4F5706-266F-4FE4-AF8A-F135A39B7511}.Debug|Any CPU.Build.0 = Debug|Any CPU
		{DE4F5706-266F-4FE4-AF8A-F135A39B7511}.Release|Any CPU.ActiveCfg = Release|Any CPU
		{DE4F5706-266F-4FE4-AF8A-F135A39B7511}.Release|Any CPU.Build.0 = Release|Any CPU
		{F6D88273-F6F3-4CE1-987F-E109E1F449D3}.Debug|Any CPU.ActiveCfg = Debug|Any CPU
		{F6D88273-F6F3-4CE1-987F-E109E1F449D3}.Debug|Any CPU.Build.0 = Debug|Any CPU
		{F6D88273-F6F3-4CE1-987F-E109E1F449D3}.Release|Any CPU.ActiveCfg = Release|Any CPU
		{F6D88273-F6F3-4CE1-987F-E109E1F449D3}.Release|Any CPU.Build.0 = Release|Any CPU
		{84824F94-27D9-47D2-9776-02C7A39DA21B}.Debug|Any CPU.ActiveCfg = Debug|Any CPU
		{84824F94-27D9-47D2-9776-02C7A39DA21B}.Debug|Any CPU.Build.0 = Debug|Any CPU
		{84824F94-27D9-47D2-9776-02C7A39DA21B}.Release|Any CPU.ActiveCfg = Release|Any CPU
		{84824F94-27D9-47D2-9776-02C7A39DA21B}.Release|Any CPU.Build.0 = Release|Any CPU
		{AA795B4E-FBBF-4D20-B830-FEE3C0BD203B}.Debug|Any CPU.ActiveCfg = Debug|Any CPU
		{AA795B4E-FBBF-4D20-B830-FEE3C0BD203B}.Debug|Any CPU.Build.0 = Debug|Any CPU
		{AA795B4E-FBBF-4D20-B830-FEE3C0BD203B}.Release|Any CPU.ActiveCfg = Release|Any CPU
		{AA795B4E-FBBF-4D20-B830-FEE3C0BD203B}.Release|Any CPU.Build.0 = Release|Any CPU
		{688D0813-30E0-4152-8405-9EA2C2C76B78}.Debug|Any CPU.ActiveCfg = Debug|Any CPU
		{688D0813-30E0-4152-8405-9EA2C2C76B78}.Debug|Any CPU.Build.0 = Debug|Any CPU
		{688D0813-30E0-4152-8405-9EA2C2C76B78}.Release|Any CPU.ActiveCfg = Release|Any CPU
		{688D0813-30E0-4152-8405-9EA2C2C76B78}.Release|Any CPU.Build.0 = Release|Any CPU
		{4A4688B7-646E-446F-BF3A-6D5DAE7DEAD0}.Debug|Any CPU.ActiveCfg = Debug|Any CPU
		{4A4688B7-646E-446F-BF3A-6D5DAE7DEAD0}.Debug|Any CPU.Build.0 = Debug|Any CPU
		{4A4688B7-646E-446F-BF3A-6D5DAE7DEAD0}.Release|Any CPU.ActiveCfg = Release|Any CPU
		{4A4688B7-646E-446F-BF3A-6D5DAE7DEAD0}.Release|Any CPU.Build.0 = Release|Any CPU
		{CAB4A771-C4FB-460A-9EE9-5B227691F446}.Debug|Any CPU.ActiveCfg = Debug|Any CPU
		{CAB4A771-C4FB-460A-9EE9-5B227691F446}.Debug|Any CPU.Build.0 = Debug|Any CPU
		{CAB4A771-C4FB-460A-9EE9-5B227691F446}.Release|Any CPU.ActiveCfg = Release|Any CPU
		{CAB4A771-C4FB-460A-9EE9-5B227691F446}.Release|Any CPU.Build.0 = Release|Any CPU
		{3B4A79A6-0F40-47A1-BB6A-04B0DD6482E2}.Debug|Any CPU.ActiveCfg = Debug|Any CPU
		{3B4A79A6-0F40-47A1-BB6A-04B0DD6482E2}.Debug|Any CPU.Build.0 = Debug|Any CPU
		{3B4A79A6-0F40-47A1-BB6A-04B0DD6482E2}.Release|Any CPU.ActiveCfg = Release|Any CPU
		{3B4A79A6-0F40-47A1-BB6A-04B0DD6482E2}.Release|Any CPU.Build.0 = Release|Any CPU
		{B76CBF9C-24C2-4C5E-A6B2-157A56E54562}.Debug|Any CPU.ActiveCfg = Debug|Any CPU
		{B76CBF9C-24C2-4C5E-A6B2-157A56E54562}.Debug|Any CPU.Build.0 = Debug|Any CPU
		{B76CBF9C-24C2-4C5E-A6B2-157A56E54562}.Release|Any CPU.ActiveCfg = Release|Any CPU
		{B76CBF9C-24C2-4C5E-A6B2-157A56E54562}.Release|Any CPU.Build.0 = Release|Any CPU
		{CF061104-1A56-464C-B7DC-C81D006BFFC2}.Debug|Any CPU.ActiveCfg = Debug|Any CPU
		{CF061104-1A56-464C-B7DC-C81D006BFFC2}.Debug|Any CPU.Build.0 = Debug|Any CPU
		{CF061104-1A56-464C-B7DC-C81D006BFFC2}.Release|Any CPU.ActiveCfg = Release|Any CPU
		{CF061104-1A56-464C-B7DC-C81D006BFFC2}.Release|Any CPU.Build.0 = Release|Any CPU
		{7E7C2CC3-E60B-472B-B831-C499B6EEF427}.Debug|Any CPU.ActiveCfg = Debug|Any CPU
		{7E7C2CC3-E60B-472B-B831-C499B6EEF427}.Debug|Any CPU.Build.0 = Debug|Any CPU
		{7E7C2CC3-E60B-472B-B831-C499B6EEF427}.Release|Any CPU.ActiveCfg = Release|Any CPU
		{7E7C2CC3-E60B-472B-B831-C499B6EEF427}.Release|Any CPU.Build.0 = Release|Any CPU
		{B8A6C93E-C7F5-4FD6-8433-A104D040C832}.Debug|Any CPU.ActiveCfg = Debug|Any CPU
		{B8A6C93E-C7F5-4FD6-8433-A104D040C832}.Debug|Any CPU.Build.0 = Debug|Any CPU
		{B8A6C93E-C7F5-4FD6-8433-A104D040C832}.Release|Any CPU.ActiveCfg = Release|Any CPU
		{B8A6C93E-C7F5-4FD6-8433-A104D040C832}.Release|Any CPU.Build.0 = Release|Any CPU
		{2FEEFE97-D3C6-47D2-849D-47464C911793}.Debug|Any CPU.ActiveCfg = Debug|Any CPU
		{2FEEFE97-D3C6-47D2-849D-47464C911793}.Debug|Any CPU.Build.0 = Debug|Any CPU
		{2FEEFE97-D3C6-47D2-849D-47464C911793}.Release|Any CPU.ActiveCfg = Release|Any CPU
		{2FEEFE97-D3C6-47D2-849D-47464C911793}.Release|Any CPU.Build.0 = Release|Any CPU
		{1DC21806-6FAE-40C0-9F58-B744541FABF1}.Debug|Any CPU.ActiveCfg = Debug|Any CPU
		{1DC21806-6FAE-40C0-9F58-B744541FABF1}.Debug|Any CPU.Build.0 = Debug|Any CPU
		{1DC21806-6FAE-40C0-9F58-B744541FABF1}.Release|Any CPU.ActiveCfg = Release|Any CPU
		{1DC21806-6FAE-40C0-9F58-B744541FABF1}.Release|Any CPU.Build.0 = Release|Any CPU
		{9C87D349-76BE-4775-A92A-03BEBCD8D18D}.Debug|Any CPU.ActiveCfg = Debug|Any CPU
		{9C87D349-76BE-4775-A92A-03BEBCD8D18D}.Debug|Any CPU.Build.0 = Debug|Any CPU
		{9C87D349-76BE-4775-A92A-03BEBCD8D18D}.Release|Any CPU.ActiveCfg = Release|Any CPU
		{9C87D349-76BE-4775-A92A-03BEBCD8D18D}.Release|Any CPU.Build.0 = Release|Any CPU
	EndGlobalSection
	GlobalSection(SolutionProperties) = preSolution
		HideSolutionNode = FALSE
	EndGlobalSection
	GlobalSection(ExtensibilityGlobals) = postSolution
		SolutionGuid = {1E106BF6-1B6E-4E39-B313-CD7C4E5CA5DD}
	EndGlobalSection
EndGlobal
